// !$*UTF8*$!
{
	archiveVersion = 1;
	classes = {
	};
	objectVersion = 56;
	objects = {

/* Begin PBXBuildFile section */
		AA61B4FD2C6A4C1B006E9724 /* TCASharedTestingIssueApp.swift in Sources */ = {isa = PBXBuildFile; fileRef = AA61B4FC2C6A4C1B006E9724 /* TCASharedTestingIssueApp.swift */; };
		AA61B4FF2C6A4C1B006E9724 /* ContentView.swift in Sources */ = {isa = PBXBuildFile; fileRef = AA61B4FE2C6A4C1B006E9724 /* ContentView.swift */; };
		AA61B5012C6A4C1C006E9724 /* Assets.xcassets in Resources */ = {isa = PBXBuildFile; fileRef = AA61B5002C6A4C1C006E9724 /* Assets.xcassets */; };
		AA61B5042C6A4C1C006E9724 /* Preview Assets.xcassets in Resources */ = {isa = PBXBuildFile; fileRef = AA61B5032C6A4C1C006E9724 /* Preview Assets.xcassets */; };
		AA61B51B2C6A5311006E9724 /* ComposableArchitecture in Frameworks */ = {isa = PBXBuildFile; productRef = AA61B51A2C6A5311006E9724 /* ComposableArchitecture */; };
		AA61B5252C6A5354006E9724 /* VerifyCodeFeature.swift in Sources */ = {isa = PBXBuildFile; fileRef = AA61B51C2C6A5354006E9724 /* VerifyCodeFeature.swift */; };
		AA61B5272C6A5354006E9724 /* SingleDigitInputFeature.swift in Sources */ = {isa = PBXBuildFile; fileRef = AA61B51F2C6A5354006E9724 /* SingleDigitInputFeature.swift */; };
		AA61B5292C6A5354006E9724 /* RegisterVerifyEmailFeature.swift in Sources */ = {isa = PBXBuildFile; fileRef = AA61B5222C6A5354006E9724 /* RegisterVerifyEmailFeature.swift */; };
		AA61B52D2C6A57A9006E9724 /* ErrorLogger.swift in Sources */ = {isa = PBXBuildFile; fileRef = AA61B52C2C6A57A9006E9724 /* ErrorLogger.swift */; };
		AA61B52F2C6A58A8006E9724 /* ConsoleErrorLogger.swift in Sources */ = {isa = PBXBuildFile; fileRef = AA61B52E2C6A58A8006E9724 /* ConsoleErrorLogger.swift */; };
		AA61B5312C6A58E3006E9724 /* ErrorLoggerKey.swift in Sources */ = {isa = PBXBuildFile; fileRef = AA61B5302C6A58E3006E9724 /* ErrorLoggerKey.swift */; };
		AA61B5342C6A5963006E9724 /* AuthUseCase.swift in Sources */ = {isa = PBXBuildFile; fileRef = AA61B5332C6A5963006E9724 /* AuthUseCase.swift */; };
		AA61B5362C6A59D4006E9724 /* LiveAuthUseCase.swift in Sources */ = {isa = PBXBuildFile; fileRef = AA61B5352C6A59D4006E9724 /* LiveAuthUseCase.swift */; };
		AA61B5382C6A5A0D006E9724 /* AuthUseCaseKey.swift in Sources */ = {isa = PBXBuildFile; fileRef = AA61B5372C6A5A0D006E9724 /* AuthUseCaseKey.swift */; };
		AA61B5402C6A5B66006E9724 /* TCASharedTestingIssueTests.swift in Sources */ = {isa = PBXBuildFile; fileRef = AA61B53F2C6A5B66006E9724 /* TCASharedTestingIssueTests.swift */; };
		AA61B5472C6A5BB7006E9724 /* TestAuthUseCase.swift in Sources */ = {isa = PBXBuildFile; fileRef = AA61B5462C6A5BB7006E9724 /* TestAuthUseCase.swift */; };
		AA61B5492C6A5C07006E9724 /* TestError.swift in Sources */ = {isa = PBXBuildFile; fileRef = AA61B5482C6A5C07006E9724 /* TestError.swift */; };
		AA61B54B2C6A5CFF006E9724 /* TestErrorLogger.swift in Sources */ = {isa = PBXBuildFile; fileRef = AA61B54A2C6A5CFF006E9724 /* TestErrorLogger.swift */; };
/* End PBXBuildFile section */

/* Begin PBXContainerItemProxy section */
		AA61B5412C6A5B66006E9724 /* PBXContainerItemProxy */ = {
			isa = PBXContainerItemProxy;
			containerPortal = AA61B4F12C6A4C1B006E9724 /* Project object */;
			proxyType = 1;
			remoteGlobalIDString = AA61B4F82C6A4C1B006E9724;
			remoteInfo = TCASharedTestingIssue;
		};
/* End PBXContainerItemProxy section */

/* Begin PBXFileReference section */
		AA61B4F92C6A4C1B006E9724 /* TCASharedTestingIssue.app */ = {isa = PBXFileReference; explicitFileType = wrapper.application; includeInIndex = 0; path = TCASharedTestingIssue.app; sourceTree = BUILT_PRODUCTS_DIR; };
		AA61B4FC2C6A4C1B006E9724 /* TCASharedTestingIssueApp.swift */ = {isa = PBXFileReference; lastKnownFileType = sourcecode.swift; path = TCASharedTestingIssueApp.swift; sourceTree = "<group>"; };
		AA61B4FE2C6A4C1B006E9724 /* ContentView.swift */ = {isa = PBXFileReference; lastKnownFileType = sourcecode.swift; path = ContentView.swift; sourceTree = "<group>"; };
		AA61B5002C6A4C1C006E9724 /* Assets.xcassets */ = {isa = PBXFileReference; lastKnownFileType = folder.assetcatalog; path = Assets.xcassets; sourceTree = "<group>"; };
		AA61B5032C6A4C1C006E9724 /* Preview Assets.xcassets */ = {isa = PBXFileReference; lastKnownFileType = folder.assetcatalog; path = "Preview Assets.xcassets"; sourceTree = "<group>"; };
		AA61B51C2C6A5354006E9724 /* VerifyCodeFeature.swift */ = {isa = PBXFileReference; fileEncoding = 4; lastKnownFileType = sourcecode.swift; path = VerifyCodeFeature.swift; sourceTree = "<group>"; };
		AA61B51F2C6A5354006E9724 /* SingleDigitInputFeature.swift */ = {isa = PBXFileReference; fileEncoding = 4; lastKnownFileType = sourcecode.swift; path = SingleDigitInputFeature.swift; sourceTree = "<group>"; };
		AA61B5222C6A5354006E9724 /* RegisterVerifyEmailFeature.swift */ = {isa = PBXFileReference; fileEncoding = 4; lastKnownFileType = sourcecode.swift; path = RegisterVerifyEmailFeature.swift; sourceTree = "<group>"; };
		AA61B52C2C6A57A9006E9724 /* ErrorLogger.swift */ = {isa = PBXFileReference; lastKnownFileType = sourcecode.swift; path = ErrorLogger.swift; sourceTree = "<group>"; };
		AA61B52E2C6A58A8006E9724 /* ConsoleErrorLogger.swift */ = {isa = PBXFileReference; lastKnownFileType = sourcecode.swift; path = ConsoleErrorLogger.swift; sourceTree = "<group>"; };
		AA61B5302C6A58E3006E9724 /* ErrorLoggerKey.swift */ = {isa = PBXFileReference; lastKnownFileType = sourcecode.swift; path = ErrorLoggerKey.swift; sourceTree = "<group>"; };
		AA61B5332C6A5963006E9724 /* AuthUseCase.swift */ = {isa = PBXFileReference; lastKnownFileType = sourcecode.swift; path = AuthUseCase.swift; sourceTree = "<group>"; };
		AA61B5352C6A59D4006E9724 /* LiveAuthUseCase.swift */ = {isa = PBXFileReference; lastKnownFileType = sourcecode.swift; path = LiveAuthUseCase.swift; sourceTree = "<group>"; };
		AA61B5372C6A5A0D006E9724 /* AuthUseCaseKey.swift */ = {isa = PBXFileReference; lastKnownFileType = sourcecode.swift; path = AuthUseCaseKey.swift; sourceTree = "<group>"; };
		AA61B53D2C6A5B66006E9724 /* TCASharedTestingIssueTests.xctest */ = {isa = PBXFileReference; explicitFileType = wrapper.cfbundle; includeInIndex = 0; path = TCASharedTestingIssueTests.xctest; sourceTree = BUILT_PRODUCTS_DIR; };
		AA61B53F2C6A5B66006E9724 /* TCASharedTestingIssueTests.swift */ = {isa = PBXFileReference; lastKnownFileType = sourcecode.swift; path = TCASharedTestingIssueTests.swift; sourceTree = "<group>"; };
		AA61B5462C6A5BB7006E9724 /* TestAuthUseCase.swift */ = {isa = PBXFileReference; lastKnownFileType = sourcecode.swift; path = TestAuthUseCase.swift; sourceTree = "<group>"; };
		AA61B5482C6A5C07006E9724 /* TestError.swift */ = {isa = PBXFileReference; lastKnownFileType = sourcecode.swift; path = TestError.swift; sourceTree = "<group>"; };
		AA61B54A2C6A5CFF006E9724 /* TestErrorLogger.swift */ = {isa = PBXFileReference; lastKnownFileType = sourcecode.swift; path = TestErrorLogger.swift; sourceTree = "<group>"; };
/* End PBXFileReference section */

/* Begin PBXFrameworksBuildPhase section */
		AA61B4F62C6A4C1B006E9724 /* Frameworks */ = {
			isa = PBXFrameworksBuildPhase;
			buildActionMask = 2147483647;
			files = (
				AA61B51B2C6A5311006E9724 /* ComposableArchitecture in Frameworks */,
			);
			runOnlyForDeploymentPostprocessing = 0;
		};
		AA61B53A2C6A5B66006E9724 /* Frameworks */ = {
			isa = PBXFrameworksBuildPhase;
			buildActionMask = 2147483647;
			files = (
			);
			runOnlyForDeploymentPostprocessing = 0;
		};
/* End PBXFrameworksBuildPhase section */

/* Begin PBXGroup section */
		AA61B4F02C6A4C1B006E9724 = {
			isa = PBXGroup;
			children = (
				AA61B4FB2C6A4C1B006E9724 /* TCASharedTestingIssue */,
				AA61B53E2C6A5B66006E9724 /* TCASharedTestingIssueTests */,
				AA61B4FA2C6A4C1B006E9724 /* Products */,
			);
			sourceTree = "<group>";
		};
		AA61B4FA2C6A4C1B006E9724 /* Products */ = {
			isa = PBXGroup;
			children = (
				AA61B4F92C6A4C1B006E9724 /* TCASharedTestingIssue.app */,
				AA61B53D2C6A5B66006E9724 /* TCASharedTestingIssueTests.xctest */,
			);
			name = Products;
			sourceTree = "<group>";
		};
		AA61B4FB2C6A4C1B006E9724 /* TCASharedTestingIssue */ = {
			isa = PBXGroup;
			children = (
				AA61B4FE2C6A4C1B006E9724 /* ContentView.swift */,
				AA61B4FC2C6A4C1B006E9724 /* TCASharedTestingIssueApp.swift */,
				AA61B5002C6A4C1C006E9724 /* Assets.xcassets */,
				AA61B5322C6A5924006E9724 /* Auth */,
				AA61B52B2C6A5798006E9724 /* ErrorLogger */,
				AA61B5022C6A4C1C006E9724 /* Preview Content */,
				AA61B5242C6A5354006E9724 /* RegisterVerifyEmail */,
				AA61B5212C6A5354006E9724 /* SingleDigitInput */,
				AA61B51E2C6A5354006E9724 /* VerifyCode */,
			);
			path = TCASharedTestingIssue;
			sourceTree = "<group>";
		};
		AA61B5022C6A4C1C006E9724 /* Preview Content */ = {
			isa = PBXGroup;
			children = (
				AA61B5032C6A4C1C006E9724 /* Preview Assets.xcassets */,
			);
			path = "Preview Content";
			sourceTree = "<group>";
		};
		AA61B51E2C6A5354006E9724 /* VerifyCode */ = {
			isa = PBXGroup;
			children = (
				AA61B51C2C6A5354006E9724 /* VerifyCodeFeature.swift */,
			);
			path = VerifyCode;
			sourceTree = "<group>";
		};
		AA61B5212C6A5354006E9724 /* SingleDigitInput */ = {
			isa = PBXGroup;
			children = (
				AA61B51F2C6A5354006E9724 /* SingleDigitInputFeature.swift */,
			);
			path = SingleDigitInput;
			sourceTree = "<group>";
		};
		AA61B5242C6A5354006E9724 /* RegisterVerifyEmail */ = {
			isa = PBXGroup;
			children = (
				AA61B5222C6A5354006E9724 /* RegisterVerifyEmailFeature.swift */,
			);
			path = RegisterVerifyEmail;
			sourceTree = "<group>";
		};
		AA61B52B2C6A5798006E9724 /* ErrorLogger */ = {
			isa = PBXGroup;
			children = (
				AA61B52E2C6A58A8006E9724 /* ConsoleErrorLogger.swift */,
				AA61B52C2C6A57A9006E9724 /* ErrorLogger.swift */,
				AA61B5302C6A58E3006E9724 /* ErrorLoggerKey.swift */,
			);
			path = ErrorLogger;
			sourceTree = "<group>";
		};
		AA61B5322C6A5924006E9724 /* Auth */ = {
			isa = PBXGroup;
			children = (
				AA61B5332C6A5963006E9724 /* AuthUseCase.swift */,
				AA61B5372C6A5A0D006E9724 /* AuthUseCaseKey.swift */,
				AA61B5352C6A59D4006E9724 /* LiveAuthUseCase.swift */,
			);
			path = Auth;
			sourceTree = "<group>";
		};
		AA61B53E2C6A5B66006E9724 /* TCASharedTestingIssueTests */ = {
			isa = PBXGroup;
			children = (
				AA61B53F2C6A5B66006E9724 /* TCASharedTestingIssueTests.swift */,
				AA61B5462C6A5BB7006E9724 /* TestAuthUseCase.swift */,
				AA61B5482C6A5C07006E9724 /* TestError.swift */,
				AA61B54A2C6A5CFF006E9724 /* TestErrorLogger.swift */,
			);
			path = TCASharedTestingIssueTests;
			sourceTree = "<group>";
		};
/* End PBXGroup section */

/* Begin PBXNativeTarget section */
		AA61B4F82C6A4C1B006E9724 /* TCASharedTestingIssue */ = {
			isa = PBXNativeTarget;
			buildConfigurationList = AA61B5072C6A4C1C006E9724 /* Build configuration list for PBXNativeTarget "TCASharedTestingIssue" */;
			buildPhases = (
				AA61B4F52C6A4C1B006E9724 /* Sources */,
				AA61B4F62C6A4C1B006E9724 /* Frameworks */,
				AA61B4F72C6A4C1B006E9724 /* Resources */,
			);
			buildRules = (
			);
			dependencies = (
			);
			name = TCASharedTestingIssue;
			packageProductDependencies = (
				AA61B51A2C6A5311006E9724 /* ComposableArchitecture */,
			);
			productName = TCASharedTestingIssue;
			productReference = AA61B4F92C6A4C1B006E9724 /* TCASharedTestingIssue.app */;
			productType = "com.apple.product-type.application";
		};
		AA61B53C2C6A5B66006E9724 /* TCASharedTestingIssueTests */ = {
			isa = PBXNativeTarget;
			buildConfigurationList = AA61B5432C6A5B66006E9724 /* Build configuration list for PBXNativeTarget "TCASharedTestingIssueTests" */;
			buildPhases = (
				AA61B5392C6A5B66006E9724 /* Sources */,
				AA61B53A2C6A5B66006E9724 /* Frameworks */,
				AA61B53B2C6A5B66006E9724 /* Resources */,
			);
			buildRules = (
			);
			dependencies = (
				AA61B5422C6A5B66006E9724 /* PBXTargetDependency */,
			);
			name = TCASharedTestingIssueTests;
			productName = TCASharedTestingIssueTests;
			productReference = AA61B53D2C6A5B66006E9724 /* TCASharedTestingIssueTests.xctest */;
			productType = "com.apple.product-type.bundle.unit-test";
		};
/* End PBXNativeTarget section */

/* Begin PBXProject section */
		AA61B4F12C6A4C1B006E9724 /* Project object */ = {
			isa = PBXProject;
			attributes = {
				BuildIndependentTargetsInParallel = 1;
				LastSwiftUpdateCheck = 1540;
				LastUpgradeCheck = 1540;
				TargetAttributes = {
					AA61B4F82C6A4C1B006E9724 = {
						CreatedOnToolsVersion = 15.4;
					};
					AA61B53C2C6A5B66006E9724 = {
						CreatedOnToolsVersion = 15.4;
						TestTargetID = AA61B4F82C6A4C1B006E9724;
					};
				};
			};
			buildConfigurationList = AA61B4F42C6A4C1B006E9724 /* Build configuration list for PBXProject "TCASharedTestingIssue" */;
			compatibilityVersion = "Xcode 14.0";
			developmentRegion = en;
			hasScannedForEncodings = 0;
			knownRegions = (
				en,
				Base,
			);
			mainGroup = AA61B4F02C6A4C1B006E9724;
			packageReferences = (
				AA61B5192C6A5311006E9724 /* XCRemoteSwiftPackageReference "swift-composable-architecture" */,
			);
			productRefGroup = AA61B4FA2C6A4C1B006E9724 /* Products */;
			projectDirPath = "";
			projectRoot = "";
			targets = (
				AA61B4F82C6A4C1B006E9724 /* TCASharedTestingIssue */,
				AA61B53C2C6A5B66006E9724 /* TCASharedTestingIssueTests */,
			);
		};
/* End PBXProject section */

/* Begin PBXResourcesBuildPhase section */
		AA61B4F72C6A4C1B006E9724 /* Resources */ = {
			isa = PBXResourcesBuildPhase;
			buildActionMask = 2147483647;
			files = (
				AA61B5042C6A4C1C006E9724 /* Preview Assets.xcassets in Resources */,
				AA61B5012C6A4C1C006E9724 /* Assets.xcassets in Resources */,
			);
			runOnlyForDeploymentPostprocessing = 0;
		};
		AA61B53B2C6A5B66006E9724 /* Resources */ = {
			isa = PBXResourcesBuildPhase;
			buildActionMask = 2147483647;
			files = (
			);
			runOnlyForDeploymentPostprocessing = 0;
		};
/* End PBXResourcesBuildPhase section */

/* Begin PBXSourcesBuildPhase section */
		AA61B4F52C6A4C1B006E9724 /* Sources */ = {
			isa = PBXSourcesBuildPhase;
			buildActionMask = 2147483647;
			files = (
				AA61B52D2C6A57A9006E9724 /* ErrorLogger.swift in Sources */,
				AA61B5362C6A59D4006E9724 /* LiveAuthUseCase.swift in Sources */,
				AA61B4FF2C6A4C1B006E9724 /* ContentView.swift in Sources */,
				AA61B5312C6A58E3006E9724 /* ErrorLoggerKey.swift in Sources */,
				AA61B5292C6A5354006E9724 /* RegisterVerifyEmailFeature.swift in Sources */,
				AA61B5342C6A5963006E9724 /* AuthUseCase.swift in Sources */,
				AA61B4FD2C6A4C1B006E9724 /* TCASharedTestingIssueApp.swift in Sources */,
				AA61B5252C6A5354006E9724 /* VerifyCodeFeature.swift in Sources */,
				AA61B5382C6A5A0D006E9724 /* AuthUseCaseKey.swift in Sources */,
				AA61B5272C6A5354006E9724 /* SingleDigitInputFeature.swift in Sources */,
				AA61B52F2C6A58A8006E9724 /* ConsoleErrorLogger.swift in Sources */,
			);
			runOnlyForDeploymentPostprocessing = 0;
		};
		AA61B5392C6A5B66006E9724 /* Sources */ = {
			isa = PBXSourcesBuildPhase;
			buildActionMask = 2147483647;
			files = (
				AA61B5492C6A5C07006E9724 /* TestError.swift in Sources */,
				AA61B5402C6A5B66006E9724 /* TCASharedTestingIssueTests.swift in Sources */,
				AA61B54B2C6A5CFF006E9724 /* TestErrorLogger.swift in Sources */,
				AA61B5472C6A5BB7006E9724 /* TestAuthUseCase.swift in Sources */,
			);
			runOnlyForDeploymentPostprocessing = 0;
		};
/* End PBXSourcesBuildPhase section */

/* Begin PBXTargetDependency section */
		AA61B5422C6A5B66006E9724 /* PBXTargetDependency */ = {
			isa = PBXTargetDependency;
			target = AA61B4F82C6A4C1B006E9724 /* TCASharedTestingIssue */;
			targetProxy = AA61B5412C6A5B66006E9724 /* PBXContainerItemProxy */;
		};
/* End PBXTargetDependency section */

/* Begin XCBuildConfiguration section */
		AA61B5052C6A4C1C006E9724 /* Debug */ = {
			isa = XCBuildConfiguration;
			buildSettings = {
				ALWAYS_SEARCH_USER_PATHS = NO;
				ASSETCATALOG_COMPILER_GENERATE_SWIFT_ASSET_SYMBOL_EXTENSIONS = YES;
				CLANG_ANALYZER_NONNULL = YES;
				CLANG_ANALYZER_NUMBER_OBJECT_CONVERSION = YES_AGGRESSIVE;
				CLANG_CXX_LANGUAGE_STANDARD = "gnu++20";
				CLANG_ENABLE_MODULES = YES;
				CLANG_ENABLE_OBJC_ARC = YES;
				CLANG_ENABLE_OBJC_WEAK = YES;
				CLANG_WARN_BLOCK_CAPTURE_AUTORELEASING = YES;
				CLANG_WARN_BOOL_CONVERSION = YES;
				CLANG_WARN_COMMA = YES;
				CLANG_WARN_CONSTANT_CONVERSION = YES;
				CLANG_WARN_DEPRECATED_OBJC_IMPLEMENTATIONS = YES;
				CLANG_WARN_DIRECT_OBJC_ISA_USAGE = YES_ERROR;
				CLANG_WARN_DOCUMENTATION_COMMENTS = YES;
				CLANG_WARN_EMPTY_BODY = YES;
				CLANG_WARN_ENUM_CONVERSION = YES;
				CLANG_WARN_INFINITE_RECURSION = YES;
				CLANG_WARN_INT_CONVERSION = YES;
				CLANG_WARN_NON_LITERAL_NULL_CONVERSION = YES;
				CLANG_WARN_OBJC_IMPLICIT_RETAIN_SELF = YES;
				CLANG_WARN_OBJC_LITERAL_CONVERSION = YES;
				CLANG_WARN_OBJC_ROOT_CLASS = YES_ERROR;
				CLANG_WARN_QUOTED_INCLUDE_IN_FRAMEWORK_HEADER = YES;
				CLANG_WARN_RANGE_LOOP_ANALYSIS = YES;
				CLANG_WARN_STRICT_PROTOTYPES = YES;
				CLANG_WARN_SUSPICIOUS_MOVE = YES;
				CLANG_WARN_UNGUARDED_AVAILABILITY = YES_AGGRESSIVE;
				CLANG_WARN_UNREACHABLE_CODE = YES;
				CLANG_WARN__DUPLICATE_METHOD_MATCH = YES;
				COPY_PHASE_STRIP = NO;
				DEBUG_INFORMATION_FORMAT = dwarf;
				ENABLE_STRICT_OBJC_MSGSEND = YES;
				ENABLE_TESTABILITY = YES;
				ENABLE_USER_SCRIPT_SANDBOXING = YES;
				GCC_C_LANGUAGE_STANDARD = gnu17;
				GCC_DYNAMIC_NO_PIC = NO;
				GCC_NO_COMMON_BLOCKS = YES;
				GCC_OPTIMIZATION_LEVEL = 0;
				GCC_PREPROCESSOR_DEFINITIONS = (
					"DEBUG=1",
					"$(inherited)",
				);
				GCC_WARN_64_TO_32_BIT_CONVERSION = YES;
				GCC_WARN_ABOUT_RETURN_TYPE = YES_ERROR;
				GCC_WARN_UNDECLARED_SELECTOR = YES;
				GCC_WARN_UNINITIALIZED_AUTOS = YES_AGGRESSIVE;
				GCC_WARN_UNUSED_FUNCTION = YES;
				GCC_WARN_UNUSED_VARIABLE = YES;
				IPHONEOS_DEPLOYMENT_TARGET = 17.5;
				LOCALIZATION_PREFERS_STRING_CATALOGS = YES;
				MTL_ENABLE_DEBUG_INFO = INCLUDE_SOURCE;
				MTL_FAST_MATH = YES;
				ONLY_ACTIVE_ARCH = YES;
				SDKROOT = iphoneos;
				SWIFT_ACTIVE_COMPILATION_CONDITIONS = "DEBUG $(inherited)";
				SWIFT_OPTIMIZATION_LEVEL = "-Onone";
			};
			name = Debug;
		};
		AA61B5062C6A4C1C006E9724 /* Release */ = {
			isa = XCBuildConfiguration;
			buildSettings = {
				ALWAYS_SEARCH_USER_PATHS = NO;
				ASSETCATALOG_COMPILER_GENERATE_SWIFT_ASSET_SYMBOL_EXTENSIONS = YES;
				CLANG_ANALYZER_NONNULL = YES;
				CLANG_ANALYZER_NUMBER_OBJECT_CONVERSION = YES_AGGRESSIVE;
				CLANG_CXX_LANGUAGE_STANDARD = "gnu++20";
				CLANG_ENABLE_MODULES = YES;
				CLANG_ENABLE_OBJC_ARC = YES;
				CLANG_ENABLE_OBJC_WEAK = YES;
				CLANG_WARN_BLOCK_CAPTURE_AUTORELEASING = YES;
				CLANG_WARN_BOOL_CONVERSION = YES;
				CLANG_WARN_COMMA = YES;
				CLANG_WARN_CONSTANT_CONVERSION = YES;
				CLANG_WARN_DEPRECATED_OBJC_IMPLEMENTATIONS = YES;
				CLANG_WARN_DIRECT_OBJC_ISA_USAGE = YES_ERROR;
				CLANG_WARN_DOCUMENTATION_COMMENTS = YES;
				CLANG_WARN_EMPTY_BODY = YES;
				CLANG_WARN_ENUM_CONVERSION = YES;
				CLANG_WARN_INFINITE_RECURSION = YES;
				CLANG_WARN_INT_CONVERSION = YES;
				CLANG_WARN_NON_LITERAL_NULL_CONVERSION = YES;
				CLANG_WARN_OBJC_IMPLICIT_RETAIN_SELF = YES;
				CLANG_WARN_OBJC_LITERAL_CONVERSION = YES;
				CLANG_WARN_OBJC_ROOT_CLASS = YES_ERROR;
				CLANG_WARN_QUOTED_INCLUDE_IN_FRAMEWORK_HEADER = YES;
				CLANG_WARN_RANGE_LOOP_ANALYSIS = YES;
				CLANG_WARN_STRICT_PROTOTYPES = YES;
				CLANG_WARN_SUSPICIOUS_MOVE = YES;
				CLANG_WARN_UNGUARDED_AVAILABILITY = YES_AGGRESSIVE;
				CLANG_WARN_UNREACHABLE_CODE = YES;
				CLANG_WARN__DUPLICATE_METHOD_MATCH = YES;
				COPY_PHASE_STRIP = NO;
				DEBUG_INFORMATION_FORMAT = "dwarf-with-dsym";
				ENABLE_NS_ASSERTIONS = NO;
				ENABLE_STRICT_OBJC_MSGSEND = YES;
				ENABLE_USER_SCRIPT_SANDBOXING = YES;
				GCC_C_LANGUAGE_STANDARD = gnu17;
				GCC_NO_COMMON_BLOCKS = YES;
				GCC_WARN_64_TO_32_BIT_CONVERSION = YES;
				GCC_WARN_ABOUT_RETURN_TYPE = YES_ERROR;
				GCC_WARN_UNDECLARED_SELECTOR = YES;
				GCC_WARN_UNINITIALIZED_AUTOS = YES_AGGRESSIVE;
				GCC_WARN_UNUSED_FUNCTION = YES;
				GCC_WARN_UNUSED_VARIABLE = YES;
				IPHONEOS_DEPLOYMENT_TARGET = 17.5;
				LOCALIZATION_PREFERS_STRING_CATALOGS = YES;
				MTL_ENABLE_DEBUG_INFO = NO;
				MTL_FAST_MATH = YES;
				SDKROOT = iphoneos;
				SWIFT_COMPILATION_MODE = wholemodule;
				VALIDATE_PRODUCT = YES;
			};
			name = Release;
		};
		AA61B5082C6A4C1C006E9724 /* Debug */ = {
			isa = XCBuildConfiguration;
			buildSettings = {
				ASSETCATALOG_COMPILER_APPICON_NAME = AppIcon;
				ASSETCATALOG_COMPILER_GLOBAL_ACCENT_COLOR_NAME = AccentColor;
				CODE_SIGN_STYLE = Automatic;
				CURRENT_PROJECT_VERSION = 1;
				DEVELOPMENT_ASSET_PATHS = "\"TCASharedTestingIssue/Preview Content\"";
				ENABLE_PREVIEWS = YES;
				GENERATE_INFOPLIST_FILE = YES;
				INFOPLIST_KEY_UIApplicationSceneManifest_Generation = YES;
				INFOPLIST_KEY_UIApplicationSupportsIndirectInputEvents = YES;
				INFOPLIST_KEY_UILaunchScreen_Generation = YES;
				INFOPLIST_KEY_UISupportedInterfaceOrientations_iPad = "UIInterfaceOrientationPortrait UIInterfaceOrientationPortraitUpsideDown UIInterfaceOrientationLandscapeLeft UIInterfaceOrientationLandscapeRight";
				INFOPLIST_KEY_UISupportedInterfaceOrientations_iPhone = "UIInterfaceOrientationPortrait UIInterfaceOrientationLandscapeLeft UIInterfaceOrientationLandscapeRight";
				IPHONEOS_DEPLOYMENT_TARGET = 16.0;
				LD_RUNPATH_SEARCH_PATHS = (
					"$(inherited)",
					"@executable_path/Frameworks",
				);
				MARKETING_VERSION = 1.0;
				PRODUCT_BUNDLE_IDENTIFIER = eu.underflow.TCASharedTestingIssue;
				PRODUCT_NAME = "$(TARGET_NAME)";
				SWIFT_EMIT_LOC_STRINGS = YES;
				SWIFT_VERSION = 5.0;
				TARGETED_DEVICE_FAMILY = "1,2";
			};
			name = Debug;
		};
		AA61B5092C6A4C1C006E9724 /* Release */ = {
			isa = XCBuildConfiguration;
			buildSettings = {
				ASSETCATALOG_COMPILER_APPICON_NAME = AppIcon;
				ASSETCATALOG_COMPILER_GLOBAL_ACCENT_COLOR_NAME = AccentColor;
				CODE_SIGN_STYLE = Automatic;
				CURRENT_PROJECT_VERSION = 1;
				DEVELOPMENT_ASSET_PATHS = "\"TCASharedTestingIssue/Preview Content\"";
				ENABLE_PREVIEWS = YES;
				GENERATE_INFOPLIST_FILE = YES;
				INFOPLIST_KEY_UIApplicationSceneManifest_Generation = YES;
				INFOPLIST_KEY_UIApplicationSupportsIndirectInputEvents = YES;
				INFOPLIST_KEY_UILaunchScreen_Generation = YES;
				INFOPLIST_KEY_UISupportedInterfaceOrientations_iPad = "UIInterfaceOrientationPortrait UIInterfaceOrientationPortraitUpsideDown UIInterfaceOrientationLandscapeLeft UIInterfaceOrientationLandscapeRight";
				INFOPLIST_KEY_UISupportedInterfaceOrientations_iPhone = "UIInterfaceOrientationPortrait UIInterfaceOrientationLandscapeLeft UIInterfaceOrientationLandscapeRight";
				IPHONEOS_DEPLOYMENT_TARGET = 16.0;
				LD_RUNPATH_SEARCH_PATHS = (
					"$(inherited)",
					"@executable_path/Frameworks",
				);
				MARKETING_VERSION = 1.0;
				PRODUCT_BUNDLE_IDENTIFIER = eu.underflow.TCASharedTestingIssue;
				PRODUCT_NAME = "$(TARGET_NAME)";
				SWIFT_EMIT_LOC_STRINGS = YES;
				SWIFT_VERSION = 5.0;
				TARGETED_DEVICE_FAMILY = "1,2";
			};
			name = Release;
		};
		AA61B5442C6A5B66006E9724 /* Debug */ = {
			isa = XCBuildConfiguration;
			buildSettings = {
				BUNDLE_LOADER = "$(TEST_HOST)";
				CODE_SIGN_STYLE = Automatic;
				CURRENT_PROJECT_VERSION = 1;
				GENERATE_INFOPLIST_FILE = YES;
				MARKETING_VERSION = 1.0;
				PRODUCT_BUNDLE_IDENTIFIER = eu.underflow.TCASharedTestingIssueTests;
				PRODUCT_NAME = "$(TARGET_NAME)";
				SWIFT_EMIT_LOC_STRINGS = NO;
				SWIFT_VERSION = 5.0;
				TARGETED_DEVICE_FAMILY = "1,2";
				TEST_HOST = "$(BUILT_PRODUCTS_DIR)/TCASharedTestingIssue.app/$(BUNDLE_EXECUTABLE_FOLDER_PATH)/TCASharedTestingIssue";
			};
			name = Debug;
		};
		AA61B5452C6A5B66006E9724 /* Release */ = {
			isa = XCBuildConfiguration;
			buildSettings = {
				BUNDLE_LOADER = "$(TEST_HOST)";
				CODE_SIGN_STYLE = Automatic;
				CURRENT_PROJECT_VERSION = 1;
				GENERATE_INFOPLIST_FILE = YES;
				MARKETING_VERSION = 1.0;
				PRODUCT_BUNDLE_IDENTIFIER = eu.underflow.TCASharedTestingIssueTests;
				PRODUCT_NAME = "$(TARGET_NAME)";
				SWIFT_EMIT_LOC_STRINGS = NO;
				SWIFT_VERSION = 5.0;
				TARGETED_DEVICE_FAMILY = "1,2";
				TEST_HOST = "$(BUILT_PRODUCTS_DIR)/TCASharedTestingIssue.app/$(BUNDLE_EXECUTABLE_FOLDER_PATH)/TCASharedTestingIssue";
			};
			name = Release;
		};
/* End XCBuildConfiguration section */

/* Begin XCConfigurationList section */
		AA61B4F42C6A4C1B006E9724 /* Build configuration list for PBXProject "TCASharedTestingIssue" */ = {
			isa = XCConfigurationList;
			buildConfigurations = (
				AA61B5052C6A4C1C006E9724 /* Debug */,
				AA61B5062C6A4C1C006E9724 /* Release */,
			);
			defaultConfigurationIsVisible = 0;
			defaultConfigurationName = Release;
		};
		AA61B5072C6A4C1C006E9724 /* Build configuration list for PBXNativeTarget "TCASharedTestingIssue" */ = {
			isa = XCConfigurationList;
			buildConfigurations = (
				AA61B5082C6A4C1C006E9724 /* Debug */,
				AA61B5092C6A4C1C006E9724 /* Release */,
			);
			defaultConfigurationIsVisible = 0;
			defaultConfigurationName = Release;
		};
		AA61B5432C6A5B66006E9724 /* Build configuration list for PBXNativeTarget "TCASharedTestingIssueTests" */ = {
			isa = XCConfigurationList;
			buildConfigurations = (
				AA61B5442C6A5B66006E9724 /* Debug */,
				AA61B5452C6A5B66006E9724 /* Release */,
			);
			defaultConfigurationIsVisible = 0;
			defaultConfigurationName = Release;
		};
/* End XCConfigurationList section */

/* Begin XCRemoteSwiftPackageReference section */
		AA61B5192C6A5311006E9724 /* XCRemoteSwiftPackageReference "swift-composable-architecture" */ = {
			isa = XCRemoteSwiftPackageReference;
			repositoryURL = "https://github.com/pointfreeco/swift-composable-architecture";
			requirement = {
				kind = upToNextMajorVersion;
				minimumVersion = 1.12.1;
			};
		};
/* End XCRemoteSwiftPackageReference section */

/* Begin XCSwiftPackageProductDependency section */
		AA61B51A2C6A5311006E9724 /* ComposableArchitecture */ = {
			isa = XCSwiftPackageProductDependency;
			package = AA61B5192C6A5311006E9724 /* XCRemoteSwiftPackageReference "swift-composable-architecture" */;
			productName = ComposableArchitecture;
		};
/* End XCSwiftPackageProductDependency section */
	};
	rootObject = AA61B4F12C6A4C1B006E9724 /* Project object */;
}
